
Microsoft Visual Studio Solution File, Format Version 12.00
# Visual Studio 15
VisualStudioVersion = 15.0.27004.2008
MinimumVisualStudioVersion = 10.0.40219.1
Project("{FAE04EC0-301F-11D3-BF4B-00C04F79EFBC}") = "LogViewer.DataAccess", "LogViewer.DataAccess\LogViewer.DataAccess.csproj", "{61370EE6-2E87-4B09-9D4B-D4B4586106CA}"
EndProject
Project("{FAE04EC0-301F-11D3-BF4B-00C04F79EFBC}") = "LogViewer.BusinessLogic", "LogViewer.BusinessLogic\LogViewer.BusinessLogic.csproj", "{B069BD21-A28C-4C6D-9F76-B58D746A2453}"
EndProject
Project("{FAE04EC0-301F-11D3-BF4B-00C04F79EFBC}") = "LogViewer.Common", "LogViewer.Common\LogViewer.Common.csproj", "{4F009CD7-18C1-4E84-B25F-B66FE785AF45}"
EndProject
Project("{FAE04EC0-301F-11D3-BF4B-00C04F79EFBC}") = "LogViewer.Web", "LogViewer.Web\LogViewer.Web.csproj", "{0D02DE63-BD6F-4F27-8AF9-57A6ED7BBBA6}"
EndProject
Global
	GlobalSection(SolutionConfigurationPlatforms) = preSolution
		Debug|Any CPU = Debug|Any CPU
		Release|Any CPU = Release|Any CPU
	EndGlobalSection
	GlobalSection(ProjectConfigurationPlatforms) = postSolution
		{61370EE6-2E87-4B09-9D4B-D4B4586106CA}.Debug|Any CPU.ActiveCfg = Debug|Any CPU
		{61370EE6-2E87-4B09-9D4B-D4B4586106CA}.Debug|Any CPU.Build.0 = Debug|Any CPU
		{61370EE6-2E87-4B09-9D4B-D4B4586106CA}.Release|Any CPU.ActiveCfg = Release|Any CPU
		{61370EE6-2E87-4B09-9D4B-D4B4586106CA}.Release|Any CPU.Build.0 = Release|Any CPU
		{B069BD21-A28C-4C6D-9F76-B58D746A2453}.Debug|Any CPU.ActiveCfg = Debug|Any CPU
		{B069BD21-A28C-4C6D-9F76-B58D746A2453}.Debug|Any CPU.Build.0 = Debug|Any CPU
		{B069BD21-A28C-4C6D-9F76-B58D746A2453}.Release|Any CPU.ActiveCfg = Release|Any CPU
		{B069BD21-A28C-4C6D-9F76-B58D746A2453}.Release|Any CPU.Build.0 = Release|Any CPU
		{4F009CD7-18C1-4E84-B25F-B66FE785AF45}.Debug|Any CPU.ActiveCfg = Debug|Any CPU
		{4F009CD7-18C1-4E84-B25F-B66FE785AF45}.Debug|Any CPU.Build.0 = Debug|Any CPU
		{4F009CD7-18C1-4E84-B25F-B66FE785AF45}.Release|Any CPU.ActiveCfg = Release|Any CPU
		{4F009CD7-18C1-4E84-B25F-B66FE785AF45}.Release|Any CPU.Build.0 = Release|Any CPU
		{0D02DE63-BD6F-4F27-8AF9-57A6ED7BBBA6}.Debug|Any CPU.ActiveCfg = Debug|Any CPU
		{0D02DE63-BD6F-4F27-8AF9-57A6ED7BBBA6}.Debug|Any CPU.Build.0 = Debug|Any CPU
		{0D02DE63-BD6F-4F27-8AF9-57A6ED7BBBA6}.Release|Any CPU.ActiveCfg = Release|Any CPU
		{0D02DE63-BD6F-4F27-8AF9-57A6ED7BBBA6}.Release|Any CPU.Build.0 = Release|Any CPU
	EndGlobalSection
	GlobalSection(SolutionProperties) = preSolution
		HideSolutionNode = FALSE
	EndGlobalSection
	GlobalSection(ExtensibilityGlobals) = postSolution
		SolutionGuid = {11B2348C-CA55-4344-91DB-C82C7D84BC73}
	EndGlobalSection
EndGlobal
